<?xml version="1.0" encoding="utf-8"?>
<Project ToolsVersion="4.0" xmlns="http://schemas.microsoft.com/developer/msbuild/2003">
  <ItemGroup>
    <ClCompile Include="Creature.cpp" />
    <ClCompile Include="Fruit.cpp" />
    <ClCompile Include="GameShell.cpp" />
    <ClCompile Include="InputStrategy.cpp" />
    <ClCompile Include="Menu.cpp" />
    <ClCompile Include="NormalStrategy.cpp" />
    <ClCompile Include="RunMode.cpp" />
    <ClCompile Include="SaveMode.cpp" />
    <ClCompile Include="SilentMode.cpp" />
    <ClCompile Include="SimpleMode.cpp" />
    <ClCompile Include="SmartStrategy.cpp" />
    <ClCompile Include="Utilities.cpp" />
    <ClCompile Include="Ghost.cpp" />
    <ClCompile Include="Pacman.cpp" />
    <ClCompile Include="GameBoard.cpp" />
    <ClCompile Include="main.cpp" />
    <ClCompile Include="Position.cpp" />
    <ClCompile Include="ThePacmanGame.cpp" />
    <ClCompile Include="LoadMode.cpp" />
  </ItemGroup>
  <ItemGroup>
    <ClInclude Include="Creature.h" />
    <ClInclude Include="Directions.h" />
    <ClInclude Include="Fruit.h" />
    <ClInclude Include="GameShell.h" />
    <ClInclude Include="InputStrategy.h" />
    <ClInclude Include="RunMode.h" />
    <ClInclude Include="LoadMode.h" />
    <ClInclude Include="SilentMode.h" />
    <ClInclude Include="SimpleMode.h" />
    <ClInclude Include="SaveMode.h" />
    <ClInclude Include="SmartStrategy.h" />
    <ClInclude Include="NormalStrategy.h" />
    <ClInclude Include="Menu.h" />
    <ClInclude Include="MoveStrategy.h" />
    <ClInclude Include="Utilities.h" />
    <ClInclude Include="Ghost.h" />
    <ClInclude Include="Pacman.h" />
    <ClInclude Include="GameBoard.h" />
    <ClInclude Include="Position.h" />
    <ClInclude Include="ThePacmanGame.h" />
  </ItemGroup>
  <ItemGroup>
    <Text Include="Notes.txt" />
    <Text Include="Testing.txt" />
  </ItemGroup>
</Project>